// !$*UTF8*$!
{
	archiveVersion = 1;
	classes = {
	};
	objectVersion = 50;
	objects = {

/* Begin PBXBuildFile section */
		840863902540CDCC00F51C11 /* AppDelegate.swift in Sources */ = {isa = PBXBuildFile; fileRef = 8408638F2540CDCC00F51C11 /* AppDelegate.swift */; };
		840863922540CDCC00F51C11 /* SceneDelegate.swift in Sources */ = {isa = PBXBuildFile; fileRef = 840863912540CDCC00F51C11 /* SceneDelegate.swift */; };
		840863942540CDCC00F51C11 /* ViewController.swift in Sources */ = {isa = PBXBuildFile; fileRef = 840863932540CDCC00F51C11 /* ViewController.swift */; };
		840863972540CDCC00F51C11 /* Main.storyboard in Resources */ = {isa = PBXBuildFile; fileRef = 840863952540CDCC00F51C11 /* Main.storyboard */; };
		840863992540CDCF00F51C11 /* Assets.xcassets in Resources */ = {isa = PBXBuildFile; fileRef = 840863982540CDCF00F51C11 /* Assets.xcassets */; };
		8408639C2540CDCF00F51C11 /* LaunchScreen.storyboard in Resources */ = {isa = PBXBuildFile; fileRef = 8408639A2540CDCF00F51C11 /* LaunchScreen.storyboard */; };
		840863A52540CDE800F51C11 /* ChainShapeLayer.swift in Sources */ = {isa = PBXBuildFile; fileRef = 840863A42540CDE800F51C11 /* ChainShapeLayer.swift */; };
		840863A82540CE3000F51C11 /* Shape.swift in Sources */ = {isa = PBXBuildFile; fileRef = 840863A72540CE3000F51C11 /* Shape.swift */; };
/* End PBXBuildFile section */

/* Begin PBXFileReference section */
		8408638C2540CDCC00F51C11 /* SwiftyShapeChainAnimation.app */ = {isa = PBXFileReference; explicitFileType = wrapper.application; includeInIndex = 0; path = SwiftyShapeChainAnimation.app; sourceTree = BUILT_PRODUCTS_DIR; };
		8408638F2540CDCC00F51C11 /* AppDelegate.swift */ = {isa = PBXFileReference; lastKnownFileType = sourcecode.swift; path = AppDelegate.swift; sourceTree = "<group>"; };
		840863912540CDCC00F51C11 /* SceneDelegate.swift */ = {isa = PBXFileReference; lastKnownFileType = sourcecode.swift; path = SceneDelegate.swift; sourceTree = "<group>"; };
		840863932540CDCC00F51C11 /* ViewController.swift */ = {isa = PBXFileReference; lastKnownFileType = sourcecode.swift; path = ViewController.swift; sourceTree = "<group>"; };
		840863962540CDCC00F51C11 /* Base */ = {isa = PBXFileReference; lastKnownFileType = file.storyboard; name = Base; path = Base.lproj/Main.storyboard; sourceTree = "<group>"; };
		840863982540CDCF00F51C11 /* Assets.xcassets */ = {isa = PBXFileReference; lastKnownFileType = folder.assetcatalog; path = Assets.xcassets; sourceTree = "<group>"; };
		8408639B2540CDCF00F51C11 /* Base */ = {isa = PBXFileReference; lastKnownFileType = file.storyboard; name = Base; path = Base.lproj/LaunchScreen.storyboard; sourceTree = "<group>"; };
		8408639D2540CDCF00F51C11 /* Info.plist */ = {isa = PBXFileReference; lastKnownFileType = text.plist.xml; path = Info.plist; sourceTree = "<group>"; };
		840863A42540CDE800F51C11 /* ChainShapeLayer.swift */ = {isa = PBXFileReference; lastKnownFileType = sourcecode.swift; path = ChainShapeLayer.swift; sourceTree = "<group>"; };
		840863A72540CE3000F51C11 /* Shape.swift */ = {isa = PBXFileReference; lastKnownFileType = sourcecode.swift; path = Shape.swift; sourceTree = "<group>"; };
/* End PBXFileReference section */

/* Begin PBXFrameworksBuildPhase section */
		840863892540CDCC00F51C11 /* Frameworks */ = {
			isa = PBXFrameworksBuildPhase;
			buildActionMask = 2147483647;
			files = (
			);
			runOnlyForDeploymentPostprocessing = 0;
		};
/* End PBXFrameworksBuildPhase section */

/* Begin PBXGroup section */
		840863832540CDCC00F51C11 = {
			isa = PBXGroup;
			children = (
				8408638E2540CDCC00F51C11 /* SwiftyShapeChainAnimation */,
				8408638D2540CDCC00F51C11 /* Products */,
			);
			sourceTree = "<group>";
		};
		8408638D2540CDCC00F51C11 /* Products */ = {
			isa = PBXGroup;
			children = (
				8408638C2540CDCC00F51C11 /* SwiftyShapeChainAnimation.app */,
			);
			name = Products;
			sourceTree = "<group>";
		};
		8408638E2540CDCC00F51C11 /* SwiftyShapeChainAnimation */ = {
			isa = PBXGroup;
			children = (
				8408638F2540CDCC00F51C11 /* AppDelegate.swift */,
				840863912540CDCC00F51C11 /* SceneDelegate.swift */,
				840863932540CDCC00F51C11 /* ViewController.swift */,
				840863952540CDCC00F51C11 /* Main.storyboard */,
				840863982540CDCF00F51C11 /* Assets.xcassets */,
				8408639A2540CDCF00F51C11 /* LaunchScreen.storyboard */,
				8408639D2540CDCF00F51C11 /* Info.plist */,
				840863A42540CDE800F51C11 /* ChainShapeLayer.swift */,
				840863A72540CE3000F51C11 /* Shape.swift */,
			);
			path = SwiftyShapeChainAnimation;
			sourceTree = "<group>";
		};
/* End PBXGroup section */

/* Begin PBXNativeTarget section */
		8408638B2540CDCC00F51C11 /* SwiftyShapeChainAnimation */ = {
			isa = PBXNativeTarget;
			buildConfigurationList = 840863A02540CDCF00F51C11 /* Build configuration list for PBXNativeTarget "SwiftyShapeChainAnimation" */;
			buildPhases = (
				840863882540CDCC00F51C11 /* Sources */,
				840863892540CDCC00F51C11 /* Frameworks */,
				8408638A2540CDCC00F51C11 /* Resources */,
			);
			buildRules = (
			);
			dependencies = (
			);
			name = SwiftyShapeChainAnimation;
			productName = SwiftyShapeChainAnimation;
			productReference = 8408638C2540CDCC00F51C11 /* SwiftyShapeChainAnimation.app */;
			productType = "com.apple.product-type.application";
		};
/* End PBXNativeTarget section */

/* Begin PBXProject section */
		840863842540CDCC00F51C11 /* Project object */ = {
			isa = PBXProject;
			attributes = {
				LastSwiftUpdateCheck = 1200;
				LastUpgradeCheck = 1200;
				TargetAttributes = {
					8408638B2540CDCC00F51C11 = {
						CreatedOnToolsVersion = 12.0.1;
					};
				};
			};
			buildConfigurationList = 840863872540CDCC00F51C11 /* Build configuration list for PBXProject "SwiftyShapeChainAnimation" */;
			compatibilityVersion = "Xcode 9.3";
			developmentRegion = en;
			hasScannedForEncodings = 0;
			knownRegions = (
				en,
				Base,
			);
			mainGroup = 840863832540CDCC00F51C11;
			productRefGroup = 8408638D2540CDCC00F51C11 /* Products */;
			projectDirPath = "";
			projectRoot = "";
			targets = (
				8408638B2540CDCC00F51C11 /* SwiftyShapeChainAnimation */,
			);
		};
/* End PBXProject section */

/* Begin PBXResourcesBuildPhase section */
		8408638A2540CDCC00F51C11 /* Resources */ = {
			isa = PBXResourcesBuildPhase;
			buildActionMask = 2147483647;
			files = (
				8408639C2540CDCF00F51C11 /* LaunchScreen.storyboard in Resources */,
				840863992540CDCF00F51C11 /* Assets.xcassets in Resources */,
				840863972540CDCC00F51C11 /* Main.storyboard in Resources */,
			);
			runOnlyForDeploymentPostprocessing = 0;
		};
/* End PBXResourcesBuildPhase section */

/* Begin PBXSourcesBuildPhase section */
		840863882540CDCC00F51C11 /* Sources */ = {
			isa = PBXSourcesBuildPhase;
			buildActionMask = 2147483647;
			files = (
				840863A82540CE3000F51C11 /* Shape.swift in Sources */,
				840863942540CDCC00F51C11 /* ViewController.swift in Sources */,
				840863A52540CDE800F51C11 /* ChainShapeLayer.swift in Sources */,
				840863902540CDCC00F51C11 /* AppDelegate.swift in Sources */,
				840863922540CDCC00F51C11 /* SceneDelegate.swift in Sources */,
			);
			runOnlyForDeploymentPostprocessing = 0;
		};
/* End PBXSourcesBuildPhase section */

/* Begin PBXVariantGroup section */
		840863952540CDCC00F51C11 /* Main.storyboard */ = {
			isa = PBXVariantGroup;
			children = (
				840863962540CDCC00F51C11 /* Base */,
			);
			name = Main.storyboard;
			sourceTree = "<group>";
		};
		8408639A2540CDCF00F51C11 /* LaunchScreen.storyboard */ = {
			isa = PBXVariantGroup;
			children = (
				8408639B2540CDCF00F51C11 /* Base */,
			);
			name = LaunchScreen.storyboard;
			sourceTree = "<group>";
		};
/* End PBXVariantGroup section */

/* Begin XCBuildConfiguration section */
		8408639E2540CDCF00F51C11 /* Debug */ = {
			isa = XCBuildConfiguration;
			buildSettings = {
				ALWAYS_SEARCH_USER_PATHS = NO;
				CLANG_ANALYZER_NONNULL = YES;
				CLANG_ANALYZER_NUMBER_OBJECT_CONVERSION = YES_AGGRESSIVE;
				CLANG_CXX_LANGUAGE_STANDARD = "gnu++14";
				CLANG_CXX_LIBRARY = "libc++";
				CLANG_ENABLE_MODULES = YES;
				CLANG_ENABLE_OBJC_ARC = YES;
				CLANG_ENABLE_OBJC_WEAK = YES;
				CLANG_WARN_BLOCK_CAPTURE_AUTORELEASING = YES;
				CLANG_WARN_BOOL_CONVERSION = YES;
				CLANG_WARN_COMMA = YES;
				CLANG_WARN_CONSTANT_CONVERSION = YES;
				CLANG_WARN_DEPRECATED_OBJC_IMPLEMENTATIONS = YES;
				CLANG_WARN_DIRECT_OBJC_ISA_USAGE = YES_ERROR;
				CLANG_WARN_DOCUMENTATION_COMMENTS = YES;
				CLANG_WARN_EMPTY_BODY = YES;
				CLANG_WARN_ENUM_CONVERSION = YES;
				CLANG_WARN_INFINITE_RECURSION = YES;
				CLANG_WARN_INT_CONVERSION = YES;
				CLANG_WARN_NON_LITERAL_NULL_CONVERSION = YES;
				CLANG_WARN_OBJC_IMPLICIT_RETAIN_SELF = YES;
				CLANG_WARN_OBJC_LITERAL_CONVERSION = YES;
				CLANG_WARN_OBJC_ROOT_CLASS = YES_ERROR;
				CLANG_WARN_QUOTED_INCLUDE_IN_FRAMEWORK_HEADER = YES;
				CLANG_WARN_RANGE_LOOP_ANALYSIS = YES;
				CLANG_WARN_STRICT_PROTOTYPES = YES;
				CLANG_WARN_SUSPICIOUS_MOVE = YES;
				CLANG_WARN_UNGUARDED_AVAILABILITY = YES_AGGRESSIVE;
				CLANG_WARN_UNREACHABLE_CODE = YES;
				CLANG_WARN__DUPLICATE_METHOD_MATCH = YES;
				COPY_PHASE_STRIP = NO;
				DEBUG_INFORMATION_FORMAT = dwarf;
				ENABLE_STRICT_OBJC_MSGSEND = YES;
				ENABLE_TESTABILITY = YES;
				GCC_C_LANGUAGE_STANDARD = gnu11;
				GCC_DYNAMIC_NO_PIC = NO;
				GCC_NO_COMMON_BLOCKS = YES;
				GCC_OPTIMIZATION_LEVEL = 0;
				GCC_PREPROCESSOR_DEFINITIONS = (
					"DEBUG=1",
					"$(inherited)",
				);
				GCC_WARN_64_TO_32_BIT_CONVERSION = YES;
				GCC_WARN_ABOUT_RETURN_TYPE = YES_ERROR;
				GCC_WARN_UNDECLARED_SELECTOR = YES;
				GCC_WARN_UNINITIALIZED_AUTOS = YES_AGGRESSIVE;
				GCC_WARN_UNUSED_FUNCTION = YES;
				GCC_WARN_UNUSED_VARIABLE = YES;
				IPHONEOS_DEPLOYMENT_TARGET = 14.0;
				MTL_ENABLE_DEBUG_INFO = INCLUDE_SOURCE;
				MTL_FAST_MATH = YES;
				ONLY_ACTIVE_ARCH = YES;
				SDKROOT = iphoneos;
				SWIFT_ACTIVE_COMPILATION_CONDITIONS = DEBUG;
				SWIFT_OPTIMIZATION_LEVEL = "-Onone";
			};
			name = Debug;
		};
		8408639F2540CDCF00F51C11 /* Release */ = {
			isa = XCBuildConfiguration;
			buildSettings = {
				ALWAYS_SEARCH_USER_PATHS = NO;
				CLANG_ANALYZER_NONNULL = YES;
				CLANG_ANALYZER_NUMBER_OBJECT_CONVERSION = YES_AGGRESSIVE;
				CLANG_CXX_LANGUAGE_STANDARD = "gnu++14";
				CLANG_CXX_LIBRARY = "libc++";
				CLANG_ENABLE_MODULES = YES;
				CLANG_ENABLE_OBJC_ARC = YES;
				CLANG_ENABLE_OBJC_WEAK = YES;
				CLANG_WARN_BLOCK_CAPTURE_AUTORELEASING = YES;
				CLANG_WARN_BOOL_CONVERSION = YES;
				CLANG_WARN_COMMA = YES;
				CLANG_WARN_CONSTANT_CONVERSION = YES;
				CLANG_WARN_DEPRECATED_OBJC_IMPLEMENTATIONS = YES;
				CLANG_WARN_DIRECT_OBJC_ISA_USAGE = YES_ERROR;
				CLANG_WARN_DOCUMENTATION_COMMENTS = YES;
				CLANG_WARN_EMPTY_BODY = YES;
				CLANG_WARN_ENUM_CONVERSION = YES;
				CLANG_WARN_INFINITE_RECURSION = YES;
				CLANG_WARN_INT_CONVERSION = YES;
				CLANG_WARN_NON_LITERAL_NULL_CONVERSION = YES;
				CLANG_WARN_OBJC_IMPLICIT_RETAIN_SELF = YES;
				CLANG_WARN_OBJC_LITERAL_CONVERSION = YES;
				CLANG_WARN_OBJC_ROOT_CLASS = YES_ERROR;
				CLANG_WARN_QUOTED_INCLUDE_IN_FRAMEWORK_HEADER = YES;
				CLANG_WARN_RANGE_LOOP_ANALYSIS = YES;
				CLANG_WARN_STRICT_PROTOTYPES = YES;
				CLANG_WARN_SUSPICIOUS_MOVE = YES;
				CLANG_WARN_UNGUARDED_AVAILABILITY = YES_AGGRESSIVE;
				CLANG_WARN_UNREACHABLE_CODE = YES;
				CLANG_WARN__DUPLICATE_METHOD_MATCH = YES;
				COPY_PHASE_STRIP = NO;
				DEBUG_INFORMATION_FORMAT = "dwarf-with-dsym";
				ENABLE_NS_ASSERTIONS = NO;
				ENABLE_STRICT_OBJC_MSGSEND = YES;
				GCC_C_LANGUAGE_STANDARD = gnu11;
				GCC_NO_COMMON_BLOCKS = YES;
				GCC_WARN_64_TO_32_BIT_CONVERSION = YES;
				GCC_WARN_ABOUT_RETURN_TYPE = YES_ERROR;
				GCC_WARN_UNDECLARED_SELECTOR = YES;
				GCC_WARN_UNINITIALIZED_AUTOS = YES_AGGRESSIVE;
				GCC_WARN_UNUSED_FUNCTION = YES;
				GCC_WARN_UNUSED_VARIABLE = YES;
				IPHONEOS_DEPLOYMENT_TARGET = 14.0;
				MTL_ENABLE_DEBUG_INFO = NO;
				MTL_FAST_MATH = YES;
				SDKROOT = iphoneos;
				SWIFT_COMPILATION_MODE = wholemodule;
				SWIFT_OPTIMIZATION_LEVEL = "-O";
				VALIDATE_PRODUCT = YES;
			};
			name = Release;
		};
		840863A12540CDCF00F51C11 /* Debug */ = {
			isa = XCBuildConfiguration;
			buildSettings = {
				ASSETCATALOG_COMPILER_APPICON_NAME = AppIcon;
				ASSETCATALOG_COMPILER_GLOBAL_ACCENT_COLOR_NAME = AccentColor;
				CODE_SIGN_STYLE = Automatic;
				DEVELOPMENT_TEAM = ERGWFYQHB2;
				INFOPLIST_FILE = SwiftyShapeChainAnimation/Info.plist;
				LD_RUNPATH_SEARCH_PATHS = (
					"$(inherited)",
					"@executable_path/Frameworks",
				);
				PRODUCT_BUNDLE_IDENTIFIER = com.iphonegamezone.SwiftyShapeChainAnimation;
				PRODUCT_NAME = "$(TARGET_NAME)";
				SWIFT_VERSION = 5.0;
				TARGETED_DEVICE_FAMILY = "1,2";
			};
			name = Debug;
		};
		840863A22540CDCF00F51C11 /* Release */ = {
			isa = XCBuildConfiguration;
			buildSettings = {
				ASSETCATALOG_COMPILER_APPICON_NAME = AppIcon;
				ASSETCATALOG_COMPILER_GLOBAL_ACCENT_COLOR_NAME = AccentColor;
				CODE_SIGN_STYLE = Automatic;
				DEVELOPMENT_TEAM = ERGWFYQHB2;
				INFOPLIST_FILE = SwiftyShapeChainAnimation/Info.plist;
				LD_RUNPATH_SEARCH_PATHS = (
					"$(inherited)",
					"@executable_path/Frameworks",
				);
				PRODUCT_BUNDLE_IDENTIFIER = com.iphonegamezone.SwiftyShapeChainAnimation;
				PRODUCT_NAME = "$(TARGET_NAME)";
				SWIFT_VERSION = 5.0;
				TARGETED_DEVICE_FAMILY = "1,2";
			};
			name = Release;
		};
/* End XCBuildConfiguration section */

/* Begin XCConfigurationList section */
		840863872540CDCC00F51C11 /* Build configuration list for PBXProject "SwiftyShapeChainAnimation" */ = {
			isa = XCConfigurationList;
			buildConfigurations = (
				8408639E2540CDCF00F51C11 /* Debug */,
				8408639F2540CDCF00F51C11 /* Release */,
			);
			defaultConfigurationIsVisible = 0;
			defaultConfigurationName = Release;
		};
		840863A02540CDCF00F51C11 /* Build configuration list for PBXNativeTarget "SwiftyShapeChainAnimation" */ = {
			isa = XCConfigurationList;
			buildConfigurations = (
				840863A12540CDCF00F51C11 /* Debug */,
				840863A22540CDCF00F51C11 /* Release */,
			);
			defaultConfigurationIsVisible = 0;
			defaultConfigurationName = Release;
		};
/* End XCConfigurationList section */
	};
	rootObject = 840863842540CDCC00F51C11 /* Project object */;
}
